# This file is automatically @generated by Cargo.
# It is not intended for manual editing.
version = 4

[[package]]
name = "celestina-core"
version = "0.1.0"

[[package]]
name = "celestina-dotfiles-core"
version = "0.1.0"

[[package]]
name = "siderita-core"
version = "0.1.0"
dependencies = [
 "celestina-core",
]

[[package]]
name = "siderita-ops"
version = "0.1.0"
dependencies = [
 "celestina-core",
]

[[package]]
name = "siderita-qt"
version = "0.1.0"
dependencies = [
 "celestina-core",
 "siderita-core",
]
